{
  "name": "partitioning",
  "version": "1.0.0",
  "lockfileVersion": 1,
  "requires": true,
  "dependencies": {
    "@lucio/graham-scan": {
      "version": "1.0.0",
      "resolved": "https://registry.npmjs.org/@lucio/graham-scan/-/graham-scan-1.0.0.tgz",
      "integrity": "sha512-BXUL3vWM27BkqKcR6dVh/GUxK1niaAJybDKFxegs/TUPkorBxK6CAlykZGz6ffprCfpAJTshn86/BDFTzheD5Q=="
    }
  }
}
